// !$*UTF8*$!
{
	archiveVersion = 1;
	classes = {
	};
	objectVersion = 55;
	objects = {

/* Begin PBXBuildFile section */
		69328A37285350B600C1D18C /* PersonalData.swift in Sources */ = {isa = PBXBuildFile; fileRef = 69328A36285350B600C1D18C /* PersonalData.swift */; };
		69328A39285362FF00C1D18C /* ContactInfoViewController.swift in Sources */ = {isa = PBXBuildFile; fileRef = 69328A38285362FF00C1D18C /* ContactInfoViewController.swift */; };
		69328A3B2853672C00C1D18C /* AllInfoTableViewController.swift in Sources */ = {isa = PBXBuildFile; fileRef = 69328A3A2853672C00C1D18C /* AllInfoTableViewController.swift */; };
		69557C9A286B1C0200D00906 /* HeaderCellViewController.swift in Sources */ = {isa = PBXBuildFile; fileRef = 69557C99286B1C0200D00906 /* HeaderCellViewController.swift */; };
		69BCE53728533CD2008DD02A /* AppDelegate.swift in Sources */ = {isa = PBXBuildFile; fileRef = 69BCE53628533CD2008DD02A /* AppDelegate.swift */; };
		69BCE53928533CD2008DD02A /* SceneDelegate.swift in Sources */ = {isa = PBXBuildFile; fileRef = 69BCE53828533CD2008DD02A /* SceneDelegate.swift */; };
		69BCE53E28533CD2008DD02A /* Main.storyboard in Resources */ = {isa = PBXBuildFile; fileRef = 69BCE53C28533CD2008DD02A /* Main.storyboard */; };
		69BCE54028533CD4008DD02A /* Assets.xcassets in Resources */ = {isa = PBXBuildFile; fileRef = 69BCE53F28533CD4008DD02A /* Assets.xcassets */; };
		69BCE54328533CD4008DD02A /* LaunchScreen.storyboard in Resources */ = {isa = PBXBuildFile; fileRef = 69BCE54128533CD4008DD02A /* LaunchScreen.storyboard */; };
		69BCE56728533F2B008DD02A /* ContactsTableViewController.swift in Sources */ = {isa = PBXBuildFile; fileRef = 69BCE56628533F2B008DD02A /* ContactsTableViewController.swift */; };
/* End PBXBuildFile section */

/* Begin PBXContainerItemProxy section */
		69BCE54A28533CD4008DD02A /* PBXContainerItemProxy */ = {
			isa = PBXContainerItemProxy;
			containerPortal = 69BCE52B28533CD2008DD02A /* Project object */;
			proxyType = 1;
			remoteGlobalIDString = 69BCE53228533CD2008DD02A;
			remoteInfo = HomeWork7;
		};
		69BCE55428533CD4008DD02A /* PBXContainerItemProxy */ = {
			isa = PBXContainerItemProxy;
			containerPortal = 69BCE52B28533CD2008DD02A /* Project object */;
			proxyType = 1;
			remoteGlobalIDString = 69BCE53228533CD2008DD02A;
			remoteInfo = HomeWork7;
		};
/* End PBXContainerItemProxy section */

/* Begin PBXFileReference section */
		69328A36285350B600C1D18C /* PersonalData.swift */ = {isa = PBXFileReference; lastKnownFileType = sourcecode.swift; path = PersonalData.swift; sourceTree = "<group>"; };
		69328A38285362FF00C1D18C /* ContactInfoViewController.swift */ = {isa = PBXFileReference; lastKnownFileType = sourcecode.swift; path = ContactInfoViewController.swift; sourceTree = "<group>"; };
		69328A3A2853672C00C1D18C /* AllInfoTableViewController.swift */ = {isa = PBXFileReference; lastKnownFileType = sourcecode.swift; path = AllInfoTableViewController.swift; sourceTree = "<group>"; };
		69557C99286B1C0200D00906 /* HeaderCellViewController.swift */ = {isa = PBXFileReference; lastKnownFileType = sourcecode.swift; path = HeaderCellViewController.swift; sourceTree = "<group>"; };
		69BCE53328533CD2008DD02A /* HomeWork7.app */ = {isa = PBXFileReference; explicitFileType = wrapper.application; includeInIndex = 0; path = HomeWork7.app; sourceTree = BUILT_PRODUCTS_DIR; };
		69BCE53628533CD2008DD02A /* AppDelegate.swift */ = {isa = PBXFileReference; lastKnownFileType = sourcecode.swift; path = AppDelegate.swift; sourceTree = "<group>"; };
		69BCE53828533CD2008DD02A /* SceneDelegate.swift */ = {isa = PBXFileReference; lastKnownFileType = sourcecode.swift; path = SceneDelegate.swift; sourceTree = "<group>"; };
		69BCE53D28533CD2008DD02A /* Base */ = {isa = PBXFileReference; lastKnownFileType = file.storyboard; name = Base; path = Base.lproj/Main.storyboard; sourceTree = "<group>"; };
		69BCE53F28533CD4008DD02A /* Assets.xcassets */ = {isa = PBXFileReference; lastKnownFileType = folder.assetcatalog; path = Assets.xcassets; sourceTree = "<group>"; };
		69BCE54228533CD4008DD02A /* Base */ = {isa = PBXFileReference; lastKnownFileType = file.storyboard; name = Base; path = Base.lproj/LaunchScreen.storyboard; sourceTree = "<group>"; };
		69BCE54428533CD4008DD02A /* Info.plist */ = {isa = PBXFileReference; lastKnownFileType = text.plist.xml; path = Info.plist; sourceTree = "<group>"; };
		69BCE54928533CD4008DD02A /* HomeWork7Tests.xctest */ = {isa = PBXFileReference; explicitFileType = wrapper.cfbundle; includeInIndex = 0; path = HomeWork7Tests.xctest; sourceTree = BUILT_PRODUCTS_DIR; };
		69BCE55328533CD4008DD02A /* HomeWork7UITests.xctest */ = {isa = PBXFileReference; explicitFileType = wrapper.cfbundle; includeInIndex = 0; path = HomeWork7UITests.xctest; sourceTree = BUILT_PRODUCTS_DIR; };
		69BCE56628533F2B008DD02A /* ContactsTableViewController.swift */ = {isa = PBXFileReference; lastKnownFileType = sourcecode.swift; path = ContactsTableViewController.swift; sourceTree = "<group>"; };
/* End PBXFileReference section */

/* Begin PBXFrameworksBuildPhase section */
		69BCE53028533CD2008DD02A /* Frameworks */ = {
			isa = PBXFrameworksBuildPhase;
			buildActionMask = 2147483647;
			files = (
			);
			runOnlyForDeploymentPostprocessing = 0;
		};
		69BCE54628533CD4008DD02A /* Frameworks */ = {
			isa = PBXFrameworksBuildPhase;
			buildActionMask = 2147483647;
			files = (
			);
			runOnlyForDeploymentPostprocessing = 0;
		};
		69BCE55028533CD4008DD02A /* Frameworks */ = {
			isa = PBXFrameworksBuildPhase;
			buildActionMask = 2147483647;
			files = (
			);
			runOnlyForDeploymentPostprocessing = 0;
		};
/* End PBXFrameworksBuildPhase section */

/* Begin PBXGroup section */
		699D21F228AD5A12004D14A6 /* SupportingFiles */ = {
			isa = PBXGroup;
			children = (
				69BCE53628533CD2008DD02A /* AppDelegate.swift */,
				69BCE53828533CD2008DD02A /* SceneDelegate.swift */,
			);
			path = SupportingFiles;
			sourceTree = "<group>";
		};
		699D21F328AD5A39004D14A6 /* Models */ = {
			isa = PBXGroup;
			children = (
				69328A36285350B600C1D18C /* PersonalData.swift */,
			);
			path = Models;
			sourceTree = "<group>";
		};
		699D21F428AD5A4E004D14A6 /* StoryBoards */ = {
			isa = PBXGroup;
			children = (
				69BCE53C28533CD2008DD02A /* Main.storyboard */,
				69BCE54128533CD4008DD02A /* LaunchScreen.storyboard */,
			);
			path = StoryBoards;
			sourceTree = "<group>";
		};
		699D21F528AD5A5B004D14A6 /* Forces */ = {
			isa = PBXGroup;
			children = (
				69BCE53F28533CD4008DD02A /* Assets.xcassets */,
			);
			path = Forces;
			sourceTree = "<group>";
		};
		699D21F628AD5A68004D14A6 /* ViewControllers */ = {
			isa = PBXGroup;
			children = (
				69BCE56628533F2B008DD02A /* ContactsTableViewController.swift */,
				69328A38285362FF00C1D18C /* ContactInfoViewController.swift */,
				69328A3A2853672C00C1D18C /* AllInfoTableViewController.swift */,
				69557C99286B1C0200D00906 /* HeaderCellViewController.swift */,
			);
			path = ViewControllers;
			sourceTree = "<group>";
		};
		69BCE52A28533CD2008DD02A = {
			isa = PBXGroup;
			children = (
				69BCE53528533CD2008DD02A /* HomeWork7 */,
				69BCE53428533CD2008DD02A /* Products */,
			);
			sourceTree = "<group>";
		};
		69BCE53428533CD2008DD02A /* Products */ = {
			isa = PBXGroup;
			children = (
				69BCE53328533CD2008DD02A /* HomeWork7.app */,
				69BCE54928533CD4008DD02A /* HomeWork7Tests.xctest */,
				69BCE55328533CD4008DD02A /* HomeWork7UITests.xctest */,
			);
			name = Products;
			sourceTree = "<group>";
		};
		69BCE53528533CD2008DD02A /* HomeWork7 */ = {
			isa = PBXGroup;
			children = (
				699D21F628AD5A68004D14A6 /* ViewControllers */,
				699D21F428AD5A4E004D14A6 /* StoryBoards */,
				699D21F328AD5A39004D14A6 /* Models */,
				699D21F528AD5A5B004D14A6 /* Forces */,
				69BCE54428533CD4008DD02A /* Info.plist */,
				699D21F228AD5A12004D14A6 /* SupportingFiles */,
			);
			path = HomeWork7;
			sourceTree = "<group>";
		};
/* End PBXGroup section */

/* Begin PBXNativeTarget section */
		69BCE53228533CD2008DD02A /* HomeWork7 */ = {
			isa = PBXNativeTarget;
			buildConfigurationList = 69BCE55D28533CD4008DD02A /* Build configuration list for PBXNativeTarget "HomeWork7" */;
			buildPhases = (
				69BCE52F28533CD2008DD02A /* Sources */,
				69BCE53028533CD2008DD02A /* Frameworks */,
				69BCE53128533CD2008DD02A /* Resources */,
			);
			buildRules = (
			);
			dependencies = (
			);
			name = HomeWork7;
			productName = HomeWork7;
			productReference = 69BCE53328533CD2008DD02A /* HomeWork7.app */;
			productType = "com.apple.product-type.application";
		};
		69BCE54828533CD4008DD02A /* HomeWork7Tests */ = {
			isa = PBXNativeTarget;
			buildConfigurationList = 69BCE56028533CD4008DD02A /* Build configuration list for PBXNativeTarget "HomeWork7Tests" */;
			buildPhases = (
				69BCE54528533CD4008DD02A /* Sources */,
				69BCE54628533CD4008DD02A /* Frameworks */,
				69BCE54728533CD4008DD02A /* Resources */,
			);
			buildRules = (
			);
			dependencies = (
				69BCE54B28533CD4008DD02A /* PBXTargetDependency */,
			);
			name = HomeWork7Tests;
			productName = HomeWork7Tests;
			productReference = 69BCE54928533CD4008DD02A /* HomeWork7Tests.xctest */;
			productType = "com.apple.product-type.bundle.unit-test";
		};
		69BCE55228533CD4008DD02A /* HomeWork7UITests */ = {
			isa = PBXNativeTarget;
			buildConfigurationList = 69BCE56328533CD4008DD02A /* Build configuration list for PBXNativeTarget "HomeWork7UITests" */;
			buildPhases = (
				69BCE54F28533CD4008DD02A /* Sources */,
				69BCE55028533CD4008DD02A /* Frameworks */,
				69BCE55128533CD4008DD02A /* Resources */,
			);
			buildRules = (
			);
			dependencies = (
				69BCE55528533CD4008DD02A /* PBXTargetDependency */,
			);
			name = HomeWork7UITests;
			productName = HomeWork7UITests;
			productReference = 69BCE55328533CD4008DD02A /* HomeWork7UITests.xctest */;
			productType = "com.apple.product-type.bundle.ui-testing";
		};
/* End PBXNativeTarget section */

/* Begin PBXProject section */
		69BCE52B28533CD2008DD02A /* Project object */ = {
			isa = PBXProject;
			attributes = {
				BuildIndependentTargetsInParallel = 1;
				LastSwiftUpdateCheck = 1340;
				LastUpgradeCheck = 1340;
				TargetAttributes = {
					69BCE53228533CD2008DD02A = {
						CreatedOnToolsVersion = 13.4.1;
					};
					69BCE54828533CD4008DD02A = {
						CreatedOnToolsVersion = 13.4.1;
						TestTargetID = 69BCE53228533CD2008DD02A;
					};
					69BCE55228533CD4008DD02A = {
						CreatedOnToolsVersion = 13.4.1;
						TestTargetID = 69BCE53228533CD2008DD02A;
					};
				};
			};
			buildConfigurationList = 69BCE52E28533CD2008DD02A /* Build configuration list for PBXProject "HomeWork7" */;
			compatibilityVersion = "Xcode 13.0";
			developmentRegion = en;
			hasScannedForEncodings = 0;
			knownRegions = (
				en,
				Base,
			);
			mainGroup = 69BCE52A28533CD2008DD02A;
			productRefGroup = 69BCE53428533CD2008DD02A /* Products */;
			projectDirPath = "";
			projectRoot = "";
			targets = (
				69BCE53228533CD2008DD02A /* HomeWork7 */,
				69BCE54828533CD4008DD02A /* HomeWork7Tests */,
				69BCE55228533CD4008DD02A /* HomeWork7UITests */,
			);
		};
/* End PBXProject section */

/* Begin PBXResourcesBuildPhase section */
		69BCE53128533CD2008DD02A /* Resources */ = {
			isa = PBXResourcesBuildPhase;
			buildActionMask = 2147483647;
			files = (
				69BCE54328533CD4008DD02A /* LaunchScreen.storyboard in Resources */,
				69BCE54028533CD4008DD02A /* Assets.xcassets in Resources */,
				69BCE53E28533CD2008DD02A /* Main.storyboard in Resources */,
			);
			runOnlyForDeploymentPostprocessing = 0;
		};
		69BCE54728533CD4008DD02A /* Resources */ = {
			isa = PBXResourcesBuildPhase;
			buildActionMask = 2147483647;
			files = (
			);
			runOnlyForDeploymentPostprocessing = 0;
		};
		69BCE55128533CD4008DD02A /* Resources */ = {
			isa = PBXResourcesBuildPhase;
			buildActionMask = 2147483647;
			files = (
			);
			runOnlyForDeploymentPostprocessing = 0;
		};
/* End PBXResourcesBuildPhase section */

/* Begin PBXSourcesBuildPhase section */
		69BCE52F28533CD2008DD02A /* Sources */ = {
			isa = PBXSourcesBuildPhase;
			buildActionMask = 2147483647;
			files = (
				69BCE53728533CD2008DD02A /* AppDelegate.swift in Sources */,
				69BCE53928533CD2008DD02A /* SceneDelegate.swift in Sources */,
				69328A3B2853672C00C1D18C /* AllInfoTableViewController.swift in Sources */,
				69BCE56728533F2B008DD02A /* ContactsTableViewController.swift in Sources */,
				69328A37285350B600C1D18C /* PersonalData.swift in Sources */,
				69328A39285362FF00C1D18C /* ContactInfoViewController.swift in Sources */,
				69557C9A286B1C0200D00906 /* HeaderCellViewController.swift in Sources */,
			);
			runOnlyForDeploymentPostprocessing = 0;
		};
		69BCE54528533CD4008DD02A /* Sources */ = {
			isa = PBXSourcesBuildPhase;
			buildActionMask = 2147483647;
			files = (
			);
			runOnlyForDeploymentPostprocessing = 0;
		};
		69BCE54F28533CD4008DD02A /* Sources */ = {
			isa = PBXSourcesBuildPhase;
			buildActionMask = 2147483647;
			files = (
			);
			runOnlyForDeploymentPostprocessing = 0;
		};
/* End PBXSourcesBuildPhase section */

/* Begin PBXTargetDependency section */
		69BCE54B28533CD4008DD02A /* PBXTargetDependency */ = {
			isa = PBXTargetDependency;
			target = 69BCE53228533CD2008DD02A /* HomeWork7 */;
			targetProxy = 69BCE54A28533CD4008DD02A /* PBXContainerItemProxy */;
		};
		69BCE55528533CD4008DD02A /* PBXTargetDependency */ = {
			isa = PBXTargetDependency;
			target = 69BCE53228533CD2008DD02A /* HomeWork7 */;
			targetProxy = 69BCE55428533CD4008DD02A /* PBXContainerItemProxy */;
		};
/* End PBXTargetDependency section */

/* Begin PBXVariantGroup section */
		69BCE53C28533CD2008DD02A /* Main.storyboard */ = {
			isa = PBXVariantGroup;
			children = (
				69BCE53D28533CD2008DD02A /* Base */,
			);
			name = Main.storyboard;
			sourceTree = "<group>";
		};
		69BCE54128533CD4008DD02A /* LaunchScreen.storyboard */ = {
			isa = PBXVariantGroup;
			children = (
				69BCE54228533CD4008DD02A /* Base */,
			);
			name = LaunchScreen.storyboard;
			sourceTree = "<group>";
		};
/* End PBXVariantGroup section */

/* Begin XCBuildConfiguration section */
		69BCE55B28533CD4008DD02A /* Debug */ = {
			isa = XCBuildConfiguration;
			buildSettings = {
				ALWAYS_SEARCH_USER_PATHS = NO;
				CLANG_ANALYZER_NONNULL = YES;
				CLANG_ANALYZER_NUMBER_OBJECT_CONVERSION = YES_AGGRESSIVE;
				CLANG_CXX_LANGUAGE_STANDARD = "gnu++17";
				CLANG_ENABLE_MODULES = YES;
				CLANG_ENABLE_OBJC_ARC = YES;
				CLANG_ENABLE_OBJC_WEAK = YES;
				CLANG_WARN_BLOCK_CAPTURE_AUTORELEASING = YES;
				CLANG_WARN_BOOL_CONVERSION = YES;
				CLANG_WARN_COMMA = YES;
				CLANG_WARN_CONSTANT_CONVERSION = YES;
				CLANG_WARN_DEPRECATED_OBJC_IMPLEMENTATIONS = YES;
				CLANG_WARN_DIRECT_OBJC_ISA_USAGE = YES_ERROR;
				CLANG_WARN_DOCUMENTATION_COMMENTS = YES;
				CLANG_WARN_EMPTY_BODY = YES;
				CLANG_WARN_ENUM_CONVERSION = YES;
				CLANG_WARN_INFINITE_RECURSION = YES;
				CLANG_WARN_INT_CONVERSION = YES;
				CLANG_WARN_NON_LITERAL_NULL_CONVERSION = YES;
				CLANG_WARN_OBJC_IMPLICIT_RETAIN_SELF = YES;
				CLANG_WARN_OBJC_LITERAL_CONVERSION = YES;
				CLANG_WARN_OBJC_ROOT_CLASS = YES_ERROR;
				CLANG_WARN_QUOTED_INCLUDE_IN_FRAMEWORK_HEADER = YES;
				CLANG_WARN_RANGE_LOOP_ANALYSIS = YES;
				CLANG_WARN_STRICT_PROTOTYPES = YES;
				CLANG_WARN_SUSPICIOUS_MOVE = YES;
				CLANG_WARN_UNGUARDED_AVAILABILITY = YES_AGGRESSIVE;
				CLANG_WARN_UNREACHABLE_CODE = YES;
				CLANG_WARN__DUPLICATE_METHOD_MATCH = YES;
				COPY_PHASE_STRIP = NO;
				DEBUG_INFORMATION_FORMAT = dwarf;
				ENABLE_STRICT_OBJC_MSGSEND = YES;
				ENABLE_TESTABILITY = YES;
				GCC_C_LANGUAGE_STANDARD = gnu11;
				GCC_DYNAMIC_NO_PIC = NO;
				GCC_NO_COMMON_BLOCKS = YES;
				GCC_OPTIMIZATION_LEVEL = 0;
				GCC_PREPROCESSOR_DEFINITIONS = (
					"DEBUG=1",
					"$(inherited)",
				);
				GCC_WARN_64_TO_32_BIT_CONVERSION = YES;
				GCC_WARN_ABOUT_RETURN_TYPE = YES_ERROR;
				GCC_WARN_UNDECLARED_SELECTOR = YES;
				GCC_WARN_UNINITIALIZED_AUTOS = YES_AGGRESSIVE;
				GCC_WARN_UNUSED_FUNCTION = YES;
				GCC_WARN_UNUSED_VARIABLE = YES;
				IPHONEOS_DEPLOYMENT_TARGET = 15.5;
				MTL_ENABLE_DEBUG_INFO = INCLUDE_SOURCE;
				MTL_FAST_MATH = YES;
				ONLY_ACTIVE_ARCH = YES;
				SDKROOT = iphoneos;
				SWIFT_ACTIVE_COMPILATION_CONDITIONS = DEBUG;
				SWIFT_OPTIMIZATION_LEVEL = "-Onone";
			};
			name = Debug;
		};
		69BCE55C28533CD4008DD02A /* Release */ = {
			isa = XCBuildConfiguration;
			buildSettings = {
				ALWAYS_SEARCH_USER_PATHS = NO;
				CLANG_ANALYZER_NONNULL = YES;
				CLANG_ANALYZER_NUMBER_OBJECT_CONVERSION = YES_AGGRESSIVE;
				CLANG_CXX_LANGUAGE_STANDARD = "gnu++17";
				CLANG_ENABLE_MODULES = YES;
				CLANG_ENABLE_OBJC_ARC = YES;
				CLANG_ENABLE_OBJC_WEAK = YES;
				CLANG_WARN_BLOCK_CAPTURE_AUTORELEASING = YES;
				CLANG_WARN_BOOL_CONVERSION = YES;
				CLANG_WARN_COMMA = YES;
				CLANG_WARN_CONSTANT_CONVERSION = YES;
				CLANG_WARN_DEPRECATED_OBJC_IMPLEMENTATIONS = YES;
				CLANG_WARN_DIRECT_OBJC_ISA_USAGE = YES_ERROR;
				CLANG_WARN_DOCUMENTATION_COMMENTS = YES;
				CLANG_WARN_EMPTY_BODY = YES;
				CLANG_WARN_ENUM_CONVERSION = YES;
				CLANG_WARN_INFINITE_RECURSION = YES;
				CLANG_WARN_INT_CONVERSION = YES;
				CLANG_WARN_NON_LITERAL_NULL_CONVERSION = YES;
				CLANG_WARN_OBJC_IMPLICIT_RETAIN_SELF = YES;
				CLANG_WARN_OBJC_LITERAL_CONVERSION = YES;
				CLANG_WARN_OBJC_ROOT_CLASS = YES_ERROR;
				CLANG_WARN_QUOTED_INCLUDE_IN_FRAMEWORK_HEADER = YES;
				CLANG_WARN_RANGE_LOOP_ANALYSIS = YES;
				CLANG_WARN_STRICT_PROTOTYPES = YES;
				CLANG_WARN_SUSPICIOUS_MOVE = YES;
				CLANG_WARN_UNGUARDED_AVAILABILITY = YES_AGGRESSIVE;
				CLANG_WARN_UNREACHABLE_CODE = YES;
				CLANG_WARN__DUPLICATE_METHOD_MATCH = YES;
				COPY_PHASE_STRIP = NO;
				DEBUG_INFORMATION_FORMAT = "dwarf-with-dsym";
				ENABLE_NS_ASSERTIONS = NO;
				ENABLE_STRICT_OBJC_MSGSEND = YES;
				GCC_C_LANGUAGE_STANDARD = gnu11;
				GCC_NO_COMMON_BLOCKS = YES;
				GCC_WARN_64_TO_32_BIT_CONVERSION = YES;
				GCC_WARN_ABOUT_RETURN_TYPE = YES_ERROR;
				GCC_WARN_UNDECLARED_SELECTOR = YES;
				GCC_WARN_UNINITIALIZED_AUTOS = YES_AGGRESSIVE;
				GCC_WARN_UNUSED_FUNCTION = YES;
				GCC_WARN_UNUSED_VARIABLE = YES;
				IPHONEOS_DEPLOYMENT_TARGET = 15.5;
				MTL_ENABLE_DEBUG_INFO = NO;
				MTL_FAST_MATH = YES;
				SDKROOT = iphoneos;
				SWIFT_COMPILATION_MODE = wholemodule;
				SWIFT_OPTIMIZATION_LEVEL = "-O";
				VALIDATE_PRODUCT = YES;
			};
			name = Release;
		};
		69BCE55E28533CD4008DD02A /* Debug */ = {
			isa = XCBuildConfiguration;
			buildSettings = {
				ASSETCATALOG_COMPILER_APPICON_NAME = AppIcon;
				ASSETCATALOG_COMPILER_GLOBAL_ACCENT_COLOR_NAME = AccentColor;
				CODE_SIGN_STYLE = Automatic;
				CURRENT_PROJECT_VERSION = 1;
				DEVELOPMENT_TEAM = HCXXNU9SC7;
				GENERATE_INFOPLIST_FILE = YES;
				INFOPLIST_FILE = HomeWork7/Info.plist;
				INFOPLIST_KEY_UIApplicationSupportsIndirectInputEvents = YES;
				INFOPLIST_KEY_UILaunchStoryboardName = LaunchScreen;
				INFOPLIST_KEY_UIMainStoryboardFile = Main;
				INFOPLIST_KEY_UISupportedInterfaceOrientations_iPad = "UIInterfaceOrientationPortrait UIInterfaceOrientationPortraitUpsideDown UIInterfaceOrientationLandscapeLeft UIInterfaceOrientationLandscapeRight";
				INFOPLIST_KEY_UISupportedInterfaceOrientations_iPhone = "UIInterfaceOrientationPortrait UIInterfaceOrientationLandscapeLeft UIInterfaceOrientationLandscapeRight";
				LD_RUNPATH_SEARCH_PATHS = (
					"$(inherited)",
					"@executable_path/Frameworks",
				);
				MARKETING_VERSION = 1.0;
				PRODUCT_BUNDLE_IDENTIFIER = "--------.HomeWork7";
				PRODUCT_NAME = "$(TARGET_NAME)";
				SWIFT_EMIT_LOC_STRINGS = YES;
				SWIFT_VERSION = 5.0;
				TARGETED_DEVICE_FAMILY = "1,2";
			};
			name = Debug;
		};
		69BCE55F28533CD4008DD02A /* Release */ = {
			isa = XCBuildConfiguration;
			buildSettings = {
				ASSETCATALOG_COMPILER_APPICON_NAME = AppIcon;
				ASSETCATALOG_COMPILER_GLOBAL_ACCENT_COLOR_NAME = AccentColor;
				CODE_SIGN_STYLE = Automatic;
				CURRENT_PROJECT_VERSION = 1;
				DEVELOPMENT_TEAM = HCXXNU9SC7;
				GENERATE_INFOPLIST_FILE = YES;
				INFOPLIST_FILE = HomeWork7/Info.plist;
				INFOPLIST_KEY_UIApplicationSupportsIndirectInputEvents = YES;
				INFOPLIST_KEY_UILaunchStoryboardName = LaunchScreen;
				INFOPLIST_KEY_UIMainStoryboardFile = Main;
				INFOPLIST_KEY_UISupportedInterfaceOrientations_iPad = "UIInterfaceOrientationPortrait UIInterfaceOrientationPortraitUpsideDown UIInterfaceOrientationLandscapeLeft UIInterfaceOrientationLandscapeRight";
				INFOPLIST_KEY_UISupportedInterfaceOrientations_iPhone = "UIInterfaceOrientationPortrait UIInterfaceOrientationLandscapeLeft UIInterfaceOrientationLandscapeRight";
				LD_RUNPATH_SEARCH_PATHS = (
					"$(inherited)",
					"@executable_path/Frameworks",
				);
				MARKETING_VERSION = 1.0;
				PRODUCT_BUNDLE_IDENTIFIER = "--------.HomeWork7";
				PRODUCT_NAME = "$(TARGET_NAME)";
				SWIFT_EMIT_LOC_STRINGS = YES;
				SWIFT_VERSION = 5.0;
				TARGETED_DEVICE_FAMILY = "1,2";
			};
			name = Release;
		};
		69BCE56128533CD4008DD02A /* Debug */ = {
			isa = XCBuildConfiguration;
			buildSettings = {
				ALWAYS_EMBED_SWIFT_STANDARD_LIBRARIES = YES;
				BUNDLE_LOADER = "$(TEST_HOST)";
				CODE_SIGN_STYLE = Automatic;
				CURRENT_PROJECT_VERSION = 1;
				GENERATE_INFOPLIST_FILE = YES;
				IPHONEOS_DEPLOYMENT_TARGET = 15.5;
				MARKETING_VERSION = 1.0;
				PRODUCT_BUNDLE_IDENTIFIER = "--------.HomeWork7Tests";
				PRODUCT_NAME = "$(TARGET_NAME)";
				SWIFT_EMIT_LOC_STRINGS = NO;
				SWIFT_VERSION = 5.0;
				TARGETED_DEVICE_FAMILY = "1,2";
				TEST_HOST = "$(BUILT_PRODUCTS_DIR)/HomeWork7.app/HomeWork7";
			};
			name = Debug;
		};
		69BCE56228533CD4008DD02A /* Release */ = {
			isa = XCBuildConfiguration;
			buildSettings = {
				ALWAYS_EMBED_SWIFT_STANDARD_LIBRARIES = YES;
				BUNDLE_LOADER = "$(TEST_HOST)";
				CODE_SIGN_STYLE = Automatic;
				CURRENT_PROJECT_VERSION = 1;
				GENERATE_INFOPLIST_FILE = YES;
				IPHONEOS_DEPLOYMENT_TARGET = 15.5;
				MARKETING_VERSION = 1.0;
				PRODUCT_BUNDLE_IDENTIFIER = "--------.HomeWork7Tests";
				PRODUCT_NAME = "$(TARGET_NAME)";
				SWIFT_EMIT_LOC_STRINGS = NO;
				SWIFT_VERSION = 5.0;
				TARGETED_DEVICE_FAMILY = "1,2";
				TEST_HOST = "$(BUILT_PRODUCTS_DIR)/HomeWork7.app/HomeWork7";
			};
			name = Release;
		};
		69BCE56428533CD4008DD02A /* Debug */ = {
			isa = XCBuildConfiguration;
			buildSettings = {
				ALWAYS_EMBED_SWIFT_STANDARD_LIBRARIES = YES;
				CODE_SIGN_STYLE = Automatic;
				CURRENT_PROJECT_VERSION = 1;
				GENERATE_INFOPLIST_FILE = YES;
				MARKETING_VERSION = 1.0;
				PRODUCT_BUNDLE_IDENTIFIER = "--------.HomeWork7UITests";
				PRODUCT_NAME = "$(TARGET_NAME)";
				SWIFT_EMIT_LOC_STRINGS = NO;
				SWIFT_VERSION = 5.0;
				TARGETED_DEVICE_FAMILY = "1,2";
				TEST_TARGET_NAME = HomeWork7;
			};
			name = Debug;
		};
		69BCE56528533CD4008DD02A /* Release */ = {
			isa = XCBuildConfiguration;
			buildSettings = {
				ALWAYS_EMBED_SWIFT_STANDARD_LIBRARIES = YES;
				CODE_SIGN_STYLE = Automatic;
				CURRENT_PROJECT_VERSION = 1;
				GENERATE_INFOPLIST_FILE = YES;
				MARKETING_VERSION = 1.0;
				PRODUCT_BUNDLE_IDENTIFIER = "--------.HomeWork7UITests";
				PRODUCT_NAME = "$(TARGET_NAME)";
				SWIFT_EMIT_LOC_STRINGS = NO;
				SWIFT_VERSION = 5.0;
				TARGETED_DEVICE_FAMILY = "1,2";
				TEST_TARGET_NAME = HomeWork7;
			};
			name = Release;
		};
/* End XCBuildConfiguration section */

/* Begin XCConfigurationList section */
		69BCE52E28533CD2008DD02A /* Build configuration list for PBXProject "HomeWork7" */ = {
			isa = XCConfigurationList;
			buildConfigurations = (
				69BCE55B28533CD4008DD02A /* Debug */,
				69BCE55C28533CD4008DD02A /* Release */,
			);
			defaultConfigurationIsVisible = 0;
			defaultConfigurationName = Release;
		};
		69BCE55D28533CD4008DD02A /* Build configuration list for PBXNativeTarget "HomeWork7" */ = {
			isa = XCConfigurationList;
			buildConfigurations = (
				69BCE55E28533CD4008DD02A /* Debug */,
				69BCE55F28533CD4008DD02A /* Release */,
			);
			defaultConfigurationIsVisible = 0;
			defaultConfigurationName = Release;
		};
		69BCE56028533CD4008DD02A /* Build configuration list for PBXNativeTarget "HomeWork7Tests" */ = {
			isa = XCConfigurationList;
			buildConfigurations = (
				69BCE56128533CD4008DD02A /* Debug */,
				69BCE56228533CD4008DD02A /* Release */,
			);
			defaultConfigurationIsVisible = 0;
			defaultConfigurationName = Release;
		};
		69BCE56328533CD4008DD02A /* Build configuration list for PBXNativeTarget "HomeWork7UITests" */ = {
			isa = XCConfigurationList;
			buildConfigurations = (
				69BCE56428533CD4008DD02A /* Debug */,
				69BCE56528533CD4008DD02A /* Release */,
			);
			defaultConfigurationIsVisible = 0;
			defaultConfigurationName = Release;
		};
/* End XCConfigurationList section */
	};
	rootObject = 69BCE52B28533CD2008DD02A /* Project object */;
}
